
Microsoft Visual Studio Solution File, Format Version 12.00
# Visual Studio 15
VisualStudioVersion = 15.0.27428.2043
MinimumVisualStudioVersion = 10.0.40219.1
Project("{FAE04EC0-301F-11D3-BF4B-00C04F79EFBC}") = "Lab7", "Lab7\Lab7.csproj", "{5735D93D-61A1-4484-BBD3-4240B3B3AC1C}"
EndProject
Global
	GlobalSection(SolutionConfigurationPlatforms) = preSolution
		Debug|Any CPU = Debug|Any CPU
		Release|Any CPU = Release|Any CPU
	EndGlobalSection
	GlobalSection(ProjectConfigurationPlatforms) = postSolution
		{5735D93D-61A1-4484-BBD3-4240B3B3AC1C}.Debug|Any CPU.ActiveCfg = Debug|Any CPU
		{5735D93D-61A1-4484-BBD3-4240B3B3AC1C}.Debug|Any CPU.Build.0 = Debug|Any CPU
		{5735D93D-61A1-4484-BBD3-4240B3B3AC1C}.Release|Any CPU.ActiveCfg = Release|Any CPU
		{5735D93D-61A1-4484-BBD3-4240B3B3AC1C}.Release|Any CPU.Build.0 = Release|Any CPU
	EndGlobalSection
	GlobalSection(SolutionProperties) = preSolution
		HideSolutionNode = FALSE
	EndGlobalSection
	GlobalSection(ExtensibilityGlobals) = postSolution
		SolutionGuid = {DD8C0697-2C2C-404B-B822-636B984682B4}
	EndGlobalSection
EndGlobal
